// !$*UTF8*$!
{
	archiveVersion = 1;
	classes = {
	};
	objectVersion = 46;
	objects = {

/* Begin PBXBuildFile section */
		499662BC1E569C3A003D62B7 /* AppDelegate.swift in Sources */ = {isa = PBXBuildFile; fileRef = 499662BB1E569C3A003D62B7 /* AppDelegate.swift */; };
		499662BE1E569C3A003D62B7 /* ViewController.swift in Sources */ = {isa = PBXBuildFile; fileRef = 499662BD1E569C3A003D62B7 /* ViewController.swift */; };
		499662C11E569C3A003D62B7 /* Main.storyboard in Resources */ = {isa = PBXBuildFile; fileRef = 499662BF1E569C3A003D62B7 /* Main.storyboard */; };
		499662C31E569C3A003D62B7 /* Assets.xcassets in Resources */ = {isa = PBXBuildFile; fileRef = 499662C21E569C3A003D62B7 /* Assets.xcassets */; };
		499662C61E569C3A003D62B7 /* LaunchScreen.storyboard in Resources */ = {isa = PBXBuildFile; fileRef = 499662C41E569C3A003D62B7 /* LaunchScreen.storyboard */; };
		499662D11E569C3A003D62B7 /* StopwatchTests.swift in Sources */ = {isa = PBXBuildFile; fileRef = 499662D01E569C3A003D62B7 /* StopwatchTests.swift */; };
		499662DC1E569C3A003D62B7 /* StopwatchUITests.swift in Sources */ = {isa = PBXBuildFile; fileRef = 499662DB1E569C3A003D62B7 /* StopwatchUITests.swift */; };
/* End PBXBuildFile section */

/* Begin PBXContainerItemProxy section */
		499662CD1E569C3A003D62B7 /* PBXContainerItemProxy */ = {
			isa = PBXContainerItemProxy;
			containerPortal = 499662B01E569C39003D62B7 /* Project object */;
			proxyType = 1;
			remoteGlobalIDString = 499662B71E569C39003D62B7;
			remoteInfo = Stopwatch;
		};
		499662D81E569C3A003D62B7 /* PBXContainerItemProxy */ = {
			isa = PBXContainerItemProxy;
			containerPortal = 499662B01E569C39003D62B7 /* Project object */;
			proxyType = 1;
			remoteGlobalIDString = 499662B71E569C39003D62B7;
			remoteInfo = Stopwatch;
		};
/* End PBXContainerItemProxy section */

/* Begin PBXFileReference section */
		499662B81E569C3A003D62B7 /* Stopwatch.app */ = {isa = PBXFileReference; explicitFileType = wrapper.application; includeInIndex = 0; path = Stopwatch.app; sourceTree = BUILT_PRODUCTS_DIR; };
		499662BB1E569C3A003D62B7 /* AppDelegate.swift */ = {isa = PBXFileReference; lastKnownFileType = sourcecode.swift; path = AppDelegate.swift; sourceTree = "<group>"; };
		499662BD1E569C3A003D62B7 /* ViewController.swift */ = {isa = PBXFileReference; lastKnownFileType = sourcecode.swift; path = ViewController.swift; sourceTree = "<group>"; };
		499662C01E569C3A003D62B7 /* Base */ = {isa = PBXFileReference; lastKnownFileType = file.storyboard; name = Base; path = Base.lproj/Main.storyboard; sourceTree = "<group>"; };
		499662C21E569C3A003D62B7 /* Assets.xcassets */ = {isa = PBXFileReference; lastKnownFileType = folder.assetcatalog; path = Assets.xcassets; sourceTree = "<group>"; };
		499662C51E569C3A003D62B7 /* Base */ = {isa = PBXFileReference; lastKnownFileType = file.storyboard; name = Base; path = Base.lproj/LaunchScreen.storyboard; sourceTree = "<group>"; };
		499662C71E569C3A003D62B7 /* Info.plist */ = {isa = PBXFileReference; lastKnownFileType = text.plist.xml; path = Info.plist; sourceTree = "<group>"; };
		499662CC1E569C3A003D62B7 /* StopwatchTests.xctest */ = {isa = PBXFileReference; explicitFileType = wrapper.cfbundle; includeInIndex = 0; path = StopwatchTests.xctest; sourceTree = BUILT_PRODUCTS_DIR; };
		499662D01E569C3A003D62B7 /* StopwatchTests.swift */ = {isa = PBXFileReference; lastKnownFileType = sourcecode.swift; path = StopwatchTests.swift; sourceTree = "<group>"; };
		499662D21E569C3A003D62B7 /* Info.plist */ = {isa = PBXFileReference; lastKnownFileType = text.plist.xml; path = Info.plist; sourceTree = "<group>"; };
		499662D71E569C3A003D62B7 /* StopwatchUITests.xctest */ = {isa = PBXFileReference; explicitFileType = wrapper.cfbundle; includeInIndex = 0; path = StopwatchUITests.xctest; sourceTree = BUILT_PRODUCTS_DIR; };
		499662DB1E569C3A003D62B7 /* StopwatchUITests.swift */ = {isa = PBXFileReference; lastKnownFileType = sourcecode.swift; path = StopwatchUITests.swift; sourceTree = "<group>"; };
		499662DD1E569C3A003D62B7 /* Info.plist */ = {isa = PBXFileReference; lastKnownFileType = text.plist.xml; path = Info.plist; sourceTree = "<group>"; };
/* End PBXFileReference section */

/* Begin PBXFrameworksBuildPhase section */
		499662B51E569C39003D62B7 /* Frameworks */ = {
			isa = PBXFrameworksBuildPhase;
			buildActionMask = 2147483647;
			files = (
			);
			runOnlyForDeploymentPostprocessing = 0;
		};
		499662C91E569C3A003D62B7 /* Frameworks */ = {
			isa = PBXFrameworksBuildPhase;
			buildActionMask = 2147483647;
			files = (
			);
			runOnlyForDeploymentPostprocessing = 0;
		};
		499662D41E569C3A003D62B7 /* Frameworks */ = {
			isa = PBXFrameworksBuildPhase;
			buildActionMask = 2147483647;
			files = (
			);
			runOnlyForDeploymentPostprocessing = 0;
		};
/* End PBXFrameworksBuildPhase section */

/* Begin PBXGroup section */
		499662AF1E569C39003D62B7 = {
			isa = PBXGroup;
			children = (
				499662BA1E569C3A003D62B7 /* Stopwatch */,
				499662CF1E569C3A003D62B7 /* StopwatchTests */,
				499662DA1E569C3A003D62B7 /* StopwatchUITests */,
				499662B91E569C3A003D62B7 /* Products */,
			);
			sourceTree = "<group>";
		};
		499662B91E569C3A003D62B7 /* Products */ = {
			isa = PBXGroup;
			children = (
				499662B81E569C3A003D62B7 /* Stopwatch.app */,
				499662CC1E569C3A003D62B7 /* StopwatchTests.xctest */,
				499662D71E569C3A003D62B7 /* StopwatchUITests.xctest */,
			);
			name = Products;
			sourceTree = "<group>";
		};
		499662BA1E569C3A003D62B7 /* Stopwatch */ = {
			isa = PBXGroup;
			children = (
				499662BB1E569C3A003D62B7 /* AppDelegate.swift */,
				499662BD1E569C3A003D62B7 /* ViewController.swift */,
				499662BF1E569C3A003D62B7 /* Main.storyboard */,
				499662C21E569C3A003D62B7 /* Assets.xcassets */,
				499662C41E569C3A003D62B7 /* LaunchScreen.storyboard */,
				499662C71E569C3A003D62B7 /* Info.plist */,
			);
			path = Stopwatch;
			sourceTree = "<group>";
		};
		499662CF1E569C3A003D62B7 /* StopwatchTests */ = {
			isa = PBXGroup;
			children = (
				499662D01E569C3A003D62B7 /* StopwatchTests.swift */,
				499662D21E569C3A003D62B7 /* Info.plist */,
			);
			path = StopwatchTests;
			sourceTree = "<group>";
		};
		499662DA1E569C3A003D62B7 /* StopwatchUITests */ = {
			isa = PBXGroup;
			children = (
				499662DB1E569C3A003D62B7 /* StopwatchUITests.swift */,
				499662DD1E569C3A003D62B7 /* Info.plist */,
			);
			path = StopwatchUITests;
			sourceTree = "<group>";
		};
/* End PBXGroup section */

/* Begin PBXNativeTarget section */
		499662B71E569C39003D62B7 /* Stopwatch */ = {
			isa = PBXNativeTarget;
			buildConfigurationList = 499662E01E569C3A003D62B7 /* Build configuration list for PBXNativeTarget "Stopwatch" */;
			buildPhases = (
				499662B41E569C39003D62B7 /* Sources */,
				499662B51E569C39003D62B7 /* Frameworks */,
				499662B61E569C39003D62B7 /* Resources */,
			);
			buildRules = (
			);
			dependencies = (
			);
			name = Stopwatch;
			productName = Stopwatch;
			productReference = 499662B81E569C3A003D62B7 /* Stopwatch.app */;
			productType = "com.apple.product-type.application";
		};
		499662CB1E569C3A003D62B7 /* StopwatchTests */ = {
			isa = PBXNativeTarget;
			buildConfigurationList = 499662E31E569C3A003D62B7 /* Build configuration list for PBXNativeTarget "StopwatchTests" */;
			buildPhases = (
				499662C81E569C3A003D62B7 /* Sources */,
				499662C91E569C3A003D62B7 /* Frameworks */,
				499662CA1E569C3A003D62B7 /* Resources */,
			);
			buildRules = (
			);
			dependencies = (
				499662CE1E569C3A003D62B7 /* PBXTargetDependency */,
			);
			name = StopwatchTests;
			productName = StopwatchTests;
			productReference = 499662CC1E569C3A003D62B7 /* StopwatchTests.xctest */;
			productType = "com.apple.product-type.bundle.unit-test";
		};
		499662D61E569C3A003D62B7 /* StopwatchUITests */ = {
			isa = PBXNativeTarget;
			buildConfigurationList = 499662E61E569C3A003D62B7 /* Build configuration list for PBXNativeTarget "StopwatchUITests" */;
			buildPhases = (
				499662D31E569C3A003D62B7 /* Sources */,
				499662D41E569C3A003D62B7 /* Frameworks */,
				499662D51E569C3A003D62B7 /* Resources */,
			);
			buildRules = (
			);
			dependencies = (
				499662D91E569C3A003D62B7 /* PBXTargetDependency */,
			);
			name = StopwatchUITests;
			productName = StopwatchUITests;
			productReference = 499662D71E569C3A003D62B7 /* StopwatchUITests.xctest */;
			productType = "com.apple.product-type.bundle.ui-testing";
		};
/* End PBXNativeTarget section */

/* Begin PBXProject section */
		499662B01E569C39003D62B7 /* Project object */ = {
			isa = PBXProject;
			attributes = {
				LastSwiftUpdateCheck = 0820;
				LastUpgradeCheck = 0820;
				ORGANIZATIONNAME = "JC Dy";
				TargetAttributes = {
					499662B71E569C39003D62B7 = {
						CreatedOnToolsVersion = 8.2.1;
						ProvisioningStyle = Automatic;
					};
					499662CB1E569C3A003D62B7 = {
						CreatedOnToolsVersion = 8.2.1;
						ProvisioningStyle = Automatic;
						TestTargetID = 499662B71E569C39003D62B7;
					};
					499662D61E569C3A003D62B7 = {
						CreatedOnToolsVersion = 8.2.1;
						ProvisioningStyle = Automatic;
						TestTargetID = 499662B71E569C39003D62B7;
					};
				};
			};
			buildConfigurationList = 499662B31E569C39003D62B7 /* Build configuration list for PBXProject "Stopwatch" */;
			compatibilityVersion = "Xcode 3.2";
			developmentRegion = English;
			hasScannedForEncodings = 0;
			knownRegions = (
				en,
				Base,
			);
			mainGroup = 499662AF1E569C39003D62B7;
			productRefGroup = 499662B91E569C3A003D62B7 /* Products */;
			projectDirPath = "";
			projectRoot = "";
			targets = (
				499662B71E569C39003D62B7 /* Stopwatch */,
				499662CB1E569C3A003D62B7 /* StopwatchTests */,
				499662D61E569C3A003D62B7 /* StopwatchUITests */,
			);
		};
/* End PBXProject section */

/* Begin PBXResourcesBuildPhase section */
		499662B61E569C39003D62B7 /* Resources */ = {
			isa = PBXResourcesBuildPhase;
			buildActionMask = 2147483647;
			files = (
				499662C61E569C3A003D62B7 /* LaunchScreen.storyboard in Resources */,
				499662C31E569C3A003D62B7 /* Assets.xcassets in Resources */,
				499662C11E569C3A003D62B7 /* Main.storyboard in Resources */,
			);
			runOnlyForDeploymentPostprocessing = 0;
		};
		499662CA1E569C3A003D62B7 /* Resources */ = {
			isa = PBXResourcesBuildPhase;
			buildActionMask = 2147483647;
			files = (
			);
			runOnlyForDeploymentPostprocessing = 0;
		};
		499662D51E569C3A003D62B7 /* Resources */ = {
			isa = PBXResourcesBuildPhase;
			buildActionMask = 2147483647;
			files = (
			);
			runOnlyForDeploymentPostprocessing = 0;
		};
/* End PBXResourcesBuildPhase section */

/* Begin PBXSourcesBuildPhase section */
		499662B41E569C39003D62B7 /* Sources */ = {
			isa = PBXSourcesBuildPhase;
			buildActionMask = 2147483647;
			files = (
				499662BE1E569C3A003D62B7 /* ViewController.swift in Sources */,
				499662BC1E569C3A003D62B7 /* AppDelegate.swift in Sources */,
			);
			runOnlyForDeploymentPostprocessing = 0;
		};
		499662C81E569C3A003D62B7 /* Sources */ = {
			isa = PBXSourcesBuildPhase;
			buildActionMask = 2147483647;
			files = (
				499662D11E569C3A003D62B7 /* StopwatchTests.swift in Sources */,
			);
			runOnlyForDeploymentPostprocessing = 0;
		};
		499662D31E569C3A003D62B7 /* Sources */ = {
			isa = PBXSourcesBuildPhase;
			buildActionMask = 2147483647;
			files = (
				499662DC1E569C3A003D62B7 /* StopwatchUITests.swift in Sources */,
			);
			runOnlyForDeploymentPostprocessing = 0;
		};
/* End PBXSourcesBuildPhase section */

/* Begin PBXTargetDependency section */
		499662CE1E569C3A003D62B7 /* PBXTargetDependency */ = {
			isa = PBXTargetDependency;
			target = 499662B71E569C39003D62B7 /* Stopwatch */;
			targetProxy = 499662CD1E569C3A003D62B7 /* PBXContainerItemProxy */;
		};
		499662D91E569C3A003D62B7 /* PBXTargetDependency */ = {
			isa = PBXTargetDependency;
			target = 499662B71E569C39003D62B7 /* Stopwatch */;
			targetProxy = 499662D81E569C3A003D62B7 /* PBXContainerItemProxy */;
		};
/* End PBXTargetDependency section */

/* Begin PBXVariantGroup section */
		499662BF1E569C3A003D62B7 /* Main.storyboard */ = {
			isa = PBXVariantGroup;
			children = (
				499662C01E569C3A003D62B7 /* Base */,
			);
			name = Main.storyboard;
			sourceTree = "<group>";
		};
		499662C41E569C3A003D62B7 /* LaunchScreen.storyboard */ = {
			isa = PBXVariantGroup;
			children = (
				499662C51E569C3A003D62B7 /* Base */,
			);
			name = LaunchScreen.storyboard;
			sourceTree = "<group>";
		};
/* End PBXVariantGroup section */

/* Begin XCBuildConfiguration section */
		499662DE1E569C3A003D62B7 /* Debug */ = {
			isa = XCBuildConfiguration;
			buildSettings = {
				ALWAYS_SEARCH_USER_PATHS = NO;
				CLANG_ANALYZER_NONNULL = YES;
				CLANG_CXX_LANGUAGE_STANDARD = "gnu++0x";
				CLANG_CXX_LIBRARY = "libc++";
				CLANG_ENABLE_MODULES = YES;
				CLANG_ENABLE_OBJC_ARC = YES;
				CLANG_WARN_BOOL_CONVERSION = YES;
				CLANG_WARN_CONSTANT_CONVERSION = YES;
				CLANG_WARN_DIRECT_OBJC_ISA_USAGE = YES_ERROR;
				CLANG_WARN_DOCUMENTATION_COMMENTS = YES;
				CLANG_WARN_EMPTY_BODY = YES;
				CLANG_WARN_ENUM_CONVERSION = YES;
				CLANG_WARN_INFINITE_RECURSION = YES;
				CLANG_WARN_INT_CONVERSION = YES;
				CLANG_WARN_OBJC_ROOT_CLASS = YES_ERROR;
				CLANG_WARN_SUSPICIOUS_MOVE = YES;
				CLANG_WARN_UNREACHABLE_CODE = YES;
				CLANG_WARN__DUPLICATE_METHOD_MATCH = YES;
				"CODE_SIGN_IDENTITY[sdk=iphoneos*]" = "iPhone Developer";
				COPY_PHASE_STRIP = NO;
				DEBUG_INFORMATION_FORMAT = dwarf;
				ENABLE_STRICT_OBJC_MSGSEND = YES;
				ENABLE_TESTABILITY = YES;
				GCC_C_LANGUAGE_STANDARD = gnu99;
				GCC_DYNAMIC_NO_PIC = NO;
				GCC_NO_COMMON_BLOCKS = YES;
				GCC_OPTIMIZATION_LEVEL = 0;
				GCC_PREPROCESSOR_DEFINITIONS = (
					"DEBUG=1",
					"$(inherited)",
				);
				GCC_WARN_64_TO_32_BIT_CONVERSION = YES;
				GCC_WARN_ABOUT_RETURN_TYPE = YES_ERROR;
				GCC_WARN_UNDECLARED_SELECTOR = YES;
				GCC_WARN_UNINITIALIZED_AUTOS = YES_AGGRESSIVE;
				GCC_WARN_UNUSED_FUNCTION = YES;
				GCC_WARN_UNUSED_VARIABLE = YES;
				IPHONEOS_DEPLOYMENT_TARGET = 10.2;
				MTL_ENABLE_DEBUG_INFO = YES;
				ONLY_ACTIVE_ARCH = YES;
				SDKROOT = iphoneos;
				SWIFT_ACTIVE_COMPILATION_CONDITIONS = DEBUG;
				SWIFT_OPTIMIZATION_LEVEL = "-Onone";
				TARGETED_DEVICE_FAMILY = "1,2";
			};
			name = Debug;
		};
		499662DF1E569C3A003D62B7 /* Release */ = {
			isa = XCBuildConfiguration;
			buildSettings = {
				ALWAYS_SEARCH_USER_PATHS = NO;
				CLANG_ANALYZER_NONNULL = YES;
				CLANG_CXX_LANGUAGE_STANDARD = "gnu++0x";
				CLANG_CXX_LIBRARY = "libc++";
				CLANG_ENABLE_MODULES = YES;
				CLANG_ENABLE_OBJC_ARC = YES;
				CLANG_WARN_BOOL_CONVERSION = YES;
				CLANG_WARN_CONSTANT_CONVERSION = YES;
				CLANG_WARN_DIRECT_OBJC_ISA_USAGE = YES_ERROR;
				CLANG_WARN_DOCUMENTATION_COMMENTS = YES;
				CLANG_WARN_EMPTY_BODY = YES;
				CLANG_WARN_ENUM_CONVERSION = YES;
				CLANG_WARN_INFINITE_RECURSION = YES;
				CLANG_WARN_INT_CONVERSION = YES;
				CLANG_WARN_OBJC_ROOT_CLASS = YES_ERROR;
				CLANG_WARN_SUSPICIOUS_MOVE = YES;
				CLANG_WARN_UNREACHABLE_CODE = YES;
				CLANG_WARN__DUPLICATE_METHOD_MATCH = YES;
				"CODE_SIGN_IDENTITY[sdk=iphoneos*]" = "iPhone Developer";
				COPY_PHASE_STRIP = NO;
				DEBUG_INFORMATION_FORMAT = "dwarf-with-dsym";
				ENABLE_NS_ASSERTIONS = NO;
				ENABLE_STRICT_OBJC_MSGSEND = YES;
				GCC_C_LANGUAGE_STANDARD = gnu99;
				GCC_NO_COMMON_BLOCKS = YES;
				GCC_WARN_64_TO_32_BIT_CONVERSION = YES;
				GCC_WARN_ABOUT_RETURN_TYPE = YES_ERROR;
				GCC_WARN_UNDECLARED_SELECTOR = YES;
				GCC_WARN_UNINITIALIZED_AUTOS = YES_AGGRESSIVE;
				GCC_WARN_UNUSED_FUNCTION = YES;
				GCC_WARN_UNUSED_VARIABLE = YES;
				IPHONEOS_DEPLOYMENT_TARGET = 10.2;
				MTL_ENABLE_DEBUG_INFO = NO;
				SDKROOT = iphoneos;
				SWIFT_OPTIMIZATION_LEVEL = "-Owholemodule";
				TARGETED_DEVICE_FAMILY = "1,2";
				VALIDATE_PRODUCT = YES;
			};
			name = Release;
		};
		499662E11E569C3A003D62B7 /* Debug */ = {
			isa = XCBuildConfiguration;
			buildSettings = {
				ASSETCATALOG_COMPILER_APPICON_NAME = AppIcon;
				INFOPLIST_FILE = Stopwatch/Info.plist;
				LD_RUNPATH_SEARCH_PATHS = "$(inherited) @executable_path/Frameworks";
				PRODUCT_BUNDLE_IDENTIFIER = jcdy.Stopwatch;
				PRODUCT_NAME = "$(TARGET_NAME)";
				SWIFT_VERSION = 3.0;
			};
			name = Debug;
		};
		499662E21E569C3A003D62B7 /* Release */ = {
			isa = XCBuildConfiguration;
			buildSettings = {
				ASSETCATALOG_COMPILER_APPICON_NAME = AppIcon;
				INFOPLIST_FILE = Stopwatch/Info.plist;
				LD_RUNPATH_SEARCH_PATHS = "$(inherited) @executable_path/Frameworks";
				PRODUCT_BUNDLE_IDENTIFIER = jcdy.Stopwatch;
				PRODUCT_NAME = "$(TARGET_NAME)";
				SWIFT_VERSION = 3.0;
			};
			name = Release;
		};
		499662E41E569C3A003D62B7 /* Debug */ = {
			isa = XCBuildConfiguration;
			buildSettings = {
				ALWAYS_EMBED_SWIFT_STANDARD_LIBRARIES = YES;
				BUNDLE_LOADER = "$(TEST_HOST)";
				INFOPLIST_FILE = StopwatchTests/Info.plist;
				LD_RUNPATH_SEARCH_PATHS = "$(inherited) @executable_path/Frameworks @loader_path/Frameworks";
				PRODUCT_BUNDLE_IDENTIFIER = jcdy.StopwatchTests;
				PRODUCT_NAME = "$(TARGET_NAME)";
				SWIFT_VERSION = 3.0;
				TEST_HOST = "$(BUILT_PRODUCTS_DIR)/Stopwatch.app/Stopwatch";
			};
			name = Debug;
		};
		499662E51E569C3A003D62B7 /* Release */ = {
			isa = XCBuildConfiguration;
			buildSettings = {
				ALWAYS_EMBED_SWIFT_STANDARD_LIBRARIES = YES;
				BUNDLE_LOADER = "$(TEST_HOST)";
				INFOPLIST_FILE = StopwatchTests/Info.plist;
				LD_RUNPATH_SEARCH_PATHS = "$(inherited) @executable_path/Frameworks @loader_path/Frameworks";
				PRODUCT_BUNDLE_IDENTIFIER = jcdy.StopwatchTests;
				PRODUCT_NAME = "$(TARGET_NAME)";
				SWIFT_VERSION = 3.0;
				TEST_HOST = "$(BUILT_PRODUCTS_DIR)/Stopwatch.app/Stopwatch";
			};
			name = Release;
		};
		499662E71E569C3A003D62B7 /* Debug */ = {
			isa = XCBuildConfiguration;
			buildSettings = {
				ALWAYS_EMBED_SWIFT_STANDARD_LIBRARIES = YES;
				INFOPLIST_FILE = StopwatchUITests/Info.plist;
				LD_RUNPATH_SEARCH_PATHS = "$(inherited) @executable_path/Frameworks @loader_path/Frameworks";
				PRODUCT_BUNDLE_IDENTIFIER = jcdy.StopwatchUITests;
				PRODUCT_NAME = "$(TARGET_NAME)";
				SWIFT_VERSION = 3.0;
				TEST_TARGET_NAME = Stopwatch;
			};
			name = Debug;
		};
		499662E81E569C3A003D62B7 /* Release */ = {
			isa = XCBuildConfiguration;
			buildSettings = {
				ALWAYS_EMBED_SWIFT_STANDARD_LIBRARIES = YES;
				INFOPLIST_FILE = StopwatchUITests/Info.plist;
				LD_RUNPATH_SEARCH_PATHS = "$(inherited) @executable_path/Frameworks @loader_path/Frameworks";
				PRODUCT_BUNDLE_IDENTIFIER = jcdy.StopwatchUITests;
				PRODUCT_NAME = "$(TARGET_NAME)";
				SWIFT_VERSION = 3.0;
				TEST_TARGET_NAME = Stopwatch;
			};
			name = Release;
		};
/* End XCBuildConfiguration section */

/* Begin XCConfigurationList section */
		499662B31E569C39003D62B7 /* Build configuration list for PBXProject "Stopwatch" */ = {
			isa = XCConfigurationList;
			buildConfigurations = (
				499662DE1E569C3A003D62B7 /* Debug */,
				499662DF1E569C3A003D62B7 /* Release */,
			);
			defaultConfigurationIsVisible = 0;
			defaultConfigurationName = Release;
		};
		499662E01E569C3A003D62B7 /* Build configuration list for PBXNativeTarget "Stopwatch" */ = {
			isa = XCConfigurationList;
			buildConfigurations = (
				499662E11E569C3A003D62B7 /* Debug */,
				499662E21E569C3A003D62B7 /* Release */,
			);
			defaultConfigurationIsVisible = 0;
		};
		499662E31E569C3A003D62B7 /* Build configuration list for PBXNativeTarget "StopwatchTests" */ = {
			isa = XCConfigurationList;
			buildConfigurations = (
				499662E41E569C3A003D62B7 /* Debug */,
				499662E51E569C3A003D62B7 /* Release */,
			);
			defaultConfigurationIsVisible = 0;
		};
		499662E61E569C3A003D62B7 /* Build configuration list for PBXNativeTarget "StopwatchUITests" */ = {
			isa = XCConfigurationList;
			buildConfigurations = (
				499662E71E569C3A003D62B7 /* Debug */,
				499662E81E569C3A003D62B7 /* Release */,
			);
			defaultConfigurationIsVisible = 0;
		};
/* End XCConfigurationList section */
	};
	rootObject = 499662B01E569C39003D62B7 /* Project object */;
}
